
Microsoft Visual Studio Solution File, Format Version 12.00
# Visual Studio Version 17
VisualStudioVersion = 17.8.34330.188
MinimumVisualStudioVersion = 10.0.40219.1
Project("{9A19103F-16F7-4668-BE54-9A1E7A4F7556}") = "WebApp", "WebApp\WebApp.csproj", "{2CC1333B-9FFB-43F7-A113-CDE45FF2581F}"
EndProject
Project("{FAE04EC0-301F-11D3-BF4B-00C04F79EFBC}") = "Infrastructure", "Infrastructure\Infrastructure.csproj", "{7B52B398-79A2-4861-8BAF-AC65F232D2DA}"
EndProject
Global
	GlobalSection(SolutionConfigurationPlatforms) = preSolution
		Debug|Any CPU = Debug|Any CPU
		Release|Any CPU = Release|Any CPU
	EndGlobalSection
	GlobalSection(ProjectConfigurationPlatforms) = postSolution
		{2CC1333B-9FFB-43F7-A113-CDE45FF2581F}.Debug|Any CPU.ActiveCfg = Debug|Any CPU
		{2CC1333B-9FFB-43F7-A113-CDE45FF2581F}.Debug|Any CPU.Build.0 = Debug|Any CPU
		{2CC1333B-9FFB-43F7-A113-CDE45FF2581F}.Release|Any CPU.ActiveCfg = Release|Any CPU
		{2CC1333B-9FFB-43F7-A113-CDE45FF2581F}.Release|Any CPU.Build.0 = Release|Any CPU
		{7B52B398-79A2-4861-8BAF-AC65F232D2DA}.Debug|Any CPU.ActiveCfg = Debug|Any CPU
		{7B52B398-79A2-4861-8BAF-AC65F232D2DA}.Debug|Any CPU.Build.0 = Debug|Any CPU
		{7B52B398-79A2-4861-8BAF-AC65F232D2DA}.Release|Any CPU.ActiveCfg = Release|Any CPU
		{7B52B398-79A2-4861-8BAF-AC65F232D2DA}.Release|Any CPU.Build.0 = Release|Any CPU
	EndGlobalSection
	GlobalSection(SolutionProperties) = preSolution
		HideSolutionNode = FALSE
	EndGlobalSection
	GlobalSection(ExtensibilityGlobals) = postSolution
		SolutionGuid = {4B2AF400-C535-4D4C-B4E0-4888B3A17226}
	EndGlobalSection
EndGlobal
